
Microsoft Visual Studio Solution File, Format Version 12.00
# Visual Studio Version 17
VisualStudioVersion = 17.11.35312.102
MinimumVisualStudioVersion = 10.0.40219.1
Project("{FAE04EC0-301F-11D3-BF4B-00C04F79EFBC}") = "BookListView", "BookListView\BookListView.csproj", "{55EAA45F-9B6C-4309-A554-E277040DC787}"
EndProject
Global
	GlobalSection(SolutionConfigurationPlatforms) = preSolution
		Debug|Any CPU = Debug|Any CPU
		Release|Any CPU = Release|Any CPU
	EndGlobalSection
	GlobalSection(ProjectConfigurationPlatforms) = postSolution
		{55EAA45F-9B6C-4309-A554-E277040DC787}.Debug|Any CPU.ActiveCfg = Debug|Any CPU
		{55EAA45F-9B6C-4309-A554-E277040DC787}.Debug|Any CPU.Build.0 = Debug|Any CPU
		{55EAA45F-9B6C-4309-A554-E277040DC787}.Release|Any CPU.ActiveCfg = Release|Any CPU
		{55EAA45F-9B6C-4309-A554-E277040DC787}.Release|Any CPU.Build.0 = Release|Any CPU
	EndGlobalSection
	GlobalSection(SolutionProperties) = preSolution
		HideSolutionNode = FALSE
	EndGlobalSection
	GlobalSection(ExtensibilityGlobals) = postSolution
		SolutionGuid = {1FA88DDC-3565-43BA-AC0F-4D426A353861}
	EndGlobalSection
EndGlobal
